{
  "name": "simple-line-icons",
  "version": "2.4.1",
  "lockfileVersion": 3,
  "requires": true,
  "packages": {
    "": {
      "name": "simple-line-icons",
      "version": "2.4.1",
      "license": "MIT",
      "dependencies": {
        "simple-line-icons": "file:"
      }
    },
    "node_modules/simple-line-icons": {
      "resolved": "",
      "link": true
    }
  }
}
