{
  "name": "tinymce",
  "version": "4.6.4",
  "lockfileVersion": 3,
  "requires": true,
  "packages": {
    "": {
      "name": "tinymce",
      "version": "4.6.4",
      "license": "LGPL-2.1",
      "dependencies": {
        "tinymce": "file:"
      }
    },
    "node_modules/tinymce": {
      "resolved": "",
      "link": true
    }
  }
}
